
Microsoft Visual Studio Solution File, Format Version 12.00
# Visual Studio 15
Project("{FAE04EC0-301F-11D3-BF4B-00C04F79EFBC}") = "PriorityQueue", "PriorityQueue\PriorityQueue.csproj", "{384F8C8B-C1B3-48DC-8228-51E77851D48C}"
EndProject
Global
	GlobalSection(SolutionConfigurationPlatforms) = preSolution
		Debug|Any CPU = Debug|Any CPU
		Release|Any CPU = Release|Any CPU
	EndGlobalSection
	GlobalSection(ProjectConfigurationPlatforms) = postSolution
		{384F8C8B-C1B3-48DC-8228-51E77851D48C}.Debug|Any CPU.ActiveCfg = Debug|Any CPU
		{384F8C8B-C1B3-48DC-8228-51E77851D48C}.Debug|Any CPU.Build.0 = Debug|Any CPU
		{384F8C8B-C1B3-48DC-8228-51E77851D48C}.Release|Any CPU.ActiveCfg = Release|Any CPU
		{384F8C8B-C1B3-48DC-8228-51E77851D48C}.Release|Any CPU.Build.0 = Release|Any CPU
	EndGlobalSection
EndGlobal
